
Microsoft Visual Studio Solution File, Format Version 12.00
# Visual Studio Version 17
VisualStudioVersion = 17.6.33829.357
MinimumVisualStudioVersion = 10.0.40219.1
Project("{FAE04EC0-301F-11D3-BF4B-00C04F79EFBC}") = "COMLAB INVENTORY RESOURCES PROJECT", "COMLAB INVENTORY RESOURCES PROJECT\COMLAB INVENTORY RESOURCES PROJECT.csproj", "{42FA6AAE-B4D9-438C-ACCD-2465722AB0DE}"
EndProject
Global
	GlobalSection(SolutionConfigurationPlatforms) = preSolution
		Debug|Any CPU = Debug|Any CPU
		Release|Any CPU = Release|Any CPU
	EndGlobalSection
	GlobalSection(ProjectConfigurationPlatforms) = postSolution
		{42FA6AAE-B4D9-438C-ACCD-2465722AB0DE}.Debug|Any CPU.ActiveCfg = Debug|Any CPU
		{42FA6AAE-B4D9-438C-ACCD-2465722AB0DE}.Debug|Any CPU.Build.0 = Debug|Any CPU
		{42FA6AAE-B4D9-438C-ACCD-2465722AB0DE}.Release|Any CPU.ActiveCfg = Release|Any CPU
		{42FA6AAE-B4D9-438C-ACCD-2465722AB0DE}.Release|Any CPU.Build.0 = Release|Any CPU
	EndGlobalSection
	GlobalSection(SolutionProperties) = preSolution
		HideSolutionNode = FALSE
	EndGlobalSection
	GlobalSection(ExtensibilityGlobals) = postSolution
		SolutionGuid = {0FD5AA34-699C-47DA-868A-517B931AF254}
	EndGlobalSection
EndGlobal
